
Microsoft Visual Studio Solution File, Format Version 12.00
# Visual Studio Version 17
VisualStudioVersion = 17.0.31903.59
MinimumVisualStudioVersion = 10.0.40219.1
Project("{FAE04EC0-301F-11D3-BF4B-00C04F79EFBC}") = "FastTrack", "FastTrack.csproj", "{17F0CC98-0E3C-412A-A235-D51E550FC9F7}"
EndProject
Project("{FAE04EC0-301F-11D3-BF4B-00C04F79EFBC}") = "FastTrack.Core", "FastTrack.Core\FastTrack.Core.csproj", "{C97D0349-9FCB-40A6-8792-B3AD6C926242}"
EndProject
Project("{FAE04EC0-301F-11D3-BF4B-00C04F79EFBC}") = "FastTrack.Tests", "FastTrack.Tests\FastTrack.Tests.csproj", "{9C583B78-6F1C-4266-9322-E2E2E92528CD}"
EndProject
Global
	GlobalSection(SolutionConfigurationPlatforms) = preSolution
		Debug|Any CPU = Debug|Any CPU
		Debug|x64 = Debug|x64
		Debug|x86 = Debug|x86
		Release|Any CPU = Release|Any CPU
		Release|x64 = Release|x64
		Release|x86 = Release|x86
	EndGlobalSection
	GlobalSection(ProjectConfigurationPlatforms) = postSolution
		{17F0CC98-0E3C-412A-A235-D51E550FC9F7}.Debug|Any CPU.ActiveCfg = Debug|Any CPU
		{17F0CC98-0E3C-412A-A235-D51E550FC9F7}.Debug|Any CPU.Build.0 = Debug|Any CPU
		{17F0CC98-0E3C-412A-A235-D51E550FC9F7}.Debug|x64.ActiveCfg = Debug|Any CPU
		{17F0CC98-0E3C-412A-A235-D51E550FC9F7}.Debug|x64.Build.0 = Debug|Any CPU
		{17F0CC98-0E3C-412A-A235-D51E550FC9F7}.Debug|x86.ActiveCfg = Debug|Any CPU
		{17F0CC98-0E3C-412A-A235-D51E550FC9F7}.Debug|x86.Build.0 = Debug|Any CPU
		{17F0CC98-0E3C-412A-A235-D51E550FC9F7}.Release|Any CPU.ActiveCfg = Release|Any CPU
		{17F0CC98-0E3C-412A-A235-D51E550FC9F7}.Release|Any CPU.Build.0 = Release|Any CPU
		{17F0CC98-0E3C-412A-A235-D51E550FC9F7}.Release|x64.ActiveCfg = Release|Any CPU
		{17F0CC98-0E3C-412A-A235-D51E550FC9F7}.Release|x64.Build.0 = Release|Any CPU
		{17F0CC98-0E3C-412A-A235-D51E550FC9F7}.Release|x86.ActiveCfg = Release|Any CPU
		{17F0CC98-0E3C-412A-A235-D51E550FC9F7}.Release|x86.Build.0 = Release|Any CPU
		{C97D0349-9FCB-40A6-8792-B3AD6C926242}.Debug|Any CPU.ActiveCfg = Debug|Any CPU
		{C97D0349-9FCB-40A6-8792-B3AD6C926242}.Debug|Any CPU.Build.0 = Debug|Any CPU
		{C97D0349-9FCB-40A6-8792-B3AD6C926242}.Debug|x64.ActiveCfg = Debug|Any CPU
		{C97D0349-9FCB-40A6-8792-B3AD6C926242}.Debug|x64.Build.0 = Debug|Any CPU
		{C97D0349-9FCB-40A6-8792-B3AD6C926242}.Debug|x86.ActiveCfg = Debug|Any CPU
		{C97D0349-9FCB-40A6-8792-B3AD6C926242}.Debug|x86.Build.0 = Debug|Any CPU
		{C97D0349-9FCB-40A6-8792-B3AD6C926242}.Release|Any CPU.ActiveCfg = Release|Any CPU
		{C97D0349-9FCB-40A6-8792-B3AD6C926242}.Release|Any CPU.Build.0 = Release|Any CPU
		{C97D0349-9FCB-40A6-8792-B3AD6C926242}.Release|x64.ActiveCfg = Release|Any CPU
		{C97D0349-9FCB-40A6-8792-B3AD6C926242}.Release|x64.Build.0 = Release|Any CPU
		{C97D0349-9FCB-40A6-8792-B3AD6C926242}.Release|x86.ActiveCfg = Release|Any CPU
		{C97D0349-9FCB-40A6-8792-B3AD6C926242}.Release|x86.Build.0 = Release|Any CPU
		{9C583B78-6F1C-4266-9322-E2E2E92528CD}.Debug|Any CPU.ActiveCfg = Debug|Any CPU
		{9C583B78-6F1C-4266-9322-E2E2E92528CD}.Debug|Any CPU.Build.0 = Debug|Any CPU
		{9C583B78-6F1C-4266-9322-E2E2E92528CD}.Debug|x64.ActiveCfg = Debug|Any CPU
		{9C583B78-6F1C-4266-9322-E2E2E92528CD}.Debug|x64.Build.0 = Debug|Any CPU
		{9C583B78-6F1C-4266-9322-E2E2E92528CD}.Debug|x86.ActiveCfg = Debug|Any CPU
		{9C583B78-6F1C-4266-9322-E2E2E92528CD}.Debug|x86.Build.0 = Debug|Any CPU
		{9C583B78-6F1C-4266-9322-E2E2E92528CD}.Release|Any CPU.ActiveCfg = Release|Any CPU
		{9C583B78-6F1C-4266-9322-E2E2E92528CD}.Release|Any CPU.Build.0 = Release|Any CPU
		{9C583B78-6F1C-4266-9322-E2E2E92528CD}.Release|x64.ActiveCfg = Release|Any CPU
		{9C583B78-6F1C-4266-9322-E2E2E92528CD}.Release|x64.Build.0 = Release|Any CPU
		{9C583B78-6F1C-4266-9322-E2E2E92528CD}.Release|x86.ActiveCfg = Release|Any CPU
		{9C583B78-6F1C-4266-9322-E2E2E92528CD}.Release|x86.Build.0 = Release|Any CPU
	EndGlobalSection
	GlobalSection(SolutionProperties) = preSolution
		HideSolutionNode = FALSE
	EndGlobalSection
EndGlobal
